
Microsoft Visual Studio Solution File, Format Version 12.00
# Visual Studio Version 17
VisualStudioVersion = 17.0.31903.59
MinimumVisualStudioVersion = 10.0.40219.1
Project("{FAE04EC0-301F-11D3-BF4B-00C04F79EFBC}") = "SceneBuilder.Core", "SceneBuilder.Core\SceneBuilder.Core.csproj", "{4C1F95DC-36F8-4FDD-9022-CB55890C435B}"
EndProject
Project("{FAE04EC0-301F-11D3-BF4B-00C04F79EFBC}") = "SceneBuilder.Core.Tests", "SceneBuilder.Core.Tests\SceneBuilder.Core.Tests.csproj", "{B959DCB2-FE2F-49E1-A1BC-27A50C674F26}"
EndProject
Global
	GlobalSection(SolutionConfigurationPlatforms) = preSolution
		Debug|Any CPU = Debug|Any CPU
		Release|Any CPU = Release|Any CPU
	EndGlobalSection
	GlobalSection(SolutionProperties) = preSolution
		HideSolutionNode = FALSE
	EndGlobalSection
	GlobalSection(ProjectConfigurationPlatforms) = postSolution
		{4C1F95DC-36F8-4FDD-9022-CB55890C435B}.Debug|Any CPU.ActiveCfg = Debug|Any CPU
		{4C1F95DC-36F8-4FDD-9022-CB55890C435B}.Debug|Any CPU.Build.0 = Debug|Any CPU
		{4C1F95DC-36F8-4FDD-9022-CB55890C435B}.Release|Any CPU.ActiveCfg = Release|Any CPU
		{4C1F95DC-36F8-4FDD-9022-CB55890C435B}.Release|Any CPU.Build.0 = Release|Any CPU
		{B959DCB2-FE2F-49E1-A1BC-27A50C674F26}.Debug|Any CPU.ActiveCfg = Debug|Any CPU
		{B959DCB2-FE2F-49E1-A1BC-27A50C674F26}.Debug|Any CPU.Build.0 = Debug|Any CPU
		{B959DCB2-FE2F-49E1-A1BC-27A50C674F26}.Release|Any CPU.ActiveCfg = Release|Any CPU
		{B959DCB2-FE2F-49E1-A1BC-27A50C674F26}.Release|Any CPU.Build.0 = Release|Any CPU
	EndGlobalSection
EndGlobal
